# THIS IS AN AUTOGENERATED FILE. DO NOT EDIT THIS FILE DIRECTLY.
# yarn lockfile v1


argparse@^2.0.1:
  version "2.0.1"
  resolved "https://registry.npmmirror.com/argparse/-/argparse-2.0.1.tgz#246f50f3ca78a3240f6c997e8a9bd1eac49e4b38"
  integrity sha512-8+9WqebbFzpX9OR+Wa6O29asIogeRMzcGtAINdpMHHyAg10f05aSFVBbcEqGf/PXw1EjAZ+q2/bEBg3DvurK3Q==

big-integer@^1.6.48:
  version "1.6.51"
  resolved "https://registry.npmmirror.com/big-integer/-/big-integer-1.6.51.tgz#0df92a5d9880560d3ff2d5fd20245c889d130686"
  integrity sha512-GPEid2Y9QU1Exl1rpO9B2IPJGHPSupF5GnVIP0blYvNOMer2bTvSWs1jGOUg04hTmu67nmLsQ9TBo1puaotBHg==

node-sql-parser@^4.3.0:
  version "4.3.0"
  resolved "https://registry.npmmirror.com/node-sql-parser/-/node-sql-parser-4.3.0.tgz#3f2ca92d259f58d343104cf4a7b8f11af20dffc9"
  integrity sha512-tuRljwmeG93Xl4+Vv/L8StNSDc4HbUkXy70XSB+hgOtxHIF2QXmZnxiL9o/RHSfmuxVye0t78On8aww5KZqPrg==
  dependencies:
    big-integer "^1.6.48"

prettier-plugin-sql@^0.7.0:
  version "0.7.0"
  resolved "https://registry.npmmirror.com/prettier-plugin-sql/-/prettier-plugin-sql-0.7.0.tgz#74b17f576ed61c9c557acb57f79a6415393597ba"
  integrity sha512-CZZ4nX8d5RJomIC3robwebrShiLrLGDHGSY5ypK58fQtzdTrl5dHbcAhLnJhiZlteFkvuNYTl8tBfvUmL5gXfw==
  dependencies:
    node-sql-parser "^4.3.0"
    sql-formatter "^6.1.1"

prettier@^2.7.0:
  version "2.7.0"
  resolved "https://registry.npmmirror.com/prettier/-/prettier-2.7.0.tgz#a4fdae07e5596c51c9857ea676cd41a0163879d6"
  integrity sha512-nwoX4GMFgxoPC6diHvSwmK/4yU8FFH3V8XWtLQrbj4IBsK2pkYhG4kf/ljF/haaZ/aii+wNJqISrCDPgxGWDVQ==

sql-formatter@^6.1.1:
  version "6.1.5"
  resolved "https://registry.npmmirror.com/sql-formatter/-/sql-formatter-6.1.5.tgz#b93ee61d8fed665fe8974db15a89fecaeedd878c"
  integrity sha512-aqhxDRIhllzCuwzDX18Y7TmcvD3Epb2qvkUDSoyX1+oDyMaWk7xja6mnuAZ4kaw2f0mVjzSZCJfCALtKx0WdoA==
  dependencies:
    argparse "^2.0.1"
